#include <stdio.h>
#include <stdlib.h>

int limak_weight , bob_weight ,years;
int main()
{
    printf("Enter the weight of limak and bob : ");
    scanf("%i %i",&limak_weight,&bob_weight);
    if(bob_weight<limak_weight){
        printf("weight bob must be equal or greater than limak !! so renter the weghits : ");
        scanf("%i %i",&limak_weight,&bob_weight);
    }
        while(bob_weight>limak_weight){
            bob_weight   =bob_weight    + bob_weight*2;
            limak_weight =limak_weight  + limak_weight *3;
            years+=1;

        }
        printf("years : %i ",years);

    return 0;
}
