#include <stdio.h>
#include <stdlib.h>

int main()
{
    int bottel_shampoo , father_use , mother_use , Takahashi_use ;
    printf("Enter value bottel , father use , mother use ,Takahashi_use : ");
    scanf("%i",&bottel_shampoo);
    scanf("%i",&father_use);
    scanf("%i",&mother_use);
    scanf("%i",&Takahashi_use);
    while (1) {
        if (bottel_shampoo < father_use) {
            printf("F\n");
            break;
        }
        bottel_shampoo -= father_use;

        if (bottel_shampoo < mother_use) {
            printf("M\n");
            break;
        }
        bottel_shampoo -= mother_use;

        if (bottel_shampoo < Takahashi_use) {
            printf("T\n");
            break;
        }
        bottel_shampoo -= Takahashi_use;
    }


    return 0;
}
