#include <stdio.h>

int main() {
    int N, A, B;
    int total_sum = 0;

    scanf("%d %d %d", &N, &A, &B);

    for (int i = 1; i <= N; i++) {
        int current_number = i;
        int digit_sum = 0;

        while (current_number > 0) {
            digit_sum += current_number % 10;
            current_number /= 10;
        }

        if (digit_sum >= A && digit_sum <= B) {
            total_sum += i;
        }
    }
    printf("%d\n", total_sum);

    return 0;
}

